Microsoft Visual Studio Solution File, Format Version 11.00
# Visual Studio 2008

Project("{91F6CBEF-3A0A-5DFD-F671-0FC3002205B1}") = "SurvivalShooter_Sean", "Assembly-CSharp.csproj", "{1174E720-721C-9D16-AF6D-40328E2FE6CA}"
EndProject
Global
	GlobalSection(SolutionConfigurationPlatforms) = preSolution
		Debug|Any CPU = Debug|Any CPU
		Release|Any CPU = Release|Any CPU
	EndGlobalSection
	GlobalSection(ProjectConfigurationPlatforms) = postSolution
		{1174E720-721C-9D16-AF6D-40328E2FE6CA}.Debug|Any CPU.ActiveCfg = Debug|Any CPU
		{1174E720-721C-9D16-AF6D-40328E2FE6CA}.Debug|Any CPU.Build.0 = Debug|Any CPU
		{1174E720-721C-9D16-AF6D-40328E2FE6CA}.Release|Any CPU.ActiveCfg = Release|Any CPU
		{1174E720-721C-9D16-AF6D-40328E2FE6CA}.Release|Any CPU.Build.0 = Release|Any CPU
	EndGlobalSection
	GlobalSection(SolutionProperties) = preSolution
		HideSolutionNode = FALSE
	EndGlobalSection
	GlobalSection(MonoDevelopProperties) = preSolution
		StartupItem = Assembly-CSharp.csproj
	EndGlobalSection
EndGlobal
